
Microsoft Visual Studio Solution File, Format Version 12.00
# Visual Studio 15
VisualStudioVersion = 15.0.28307.572
MinimumVisualStudioVersion = 10.0.40219.1
Project("{FAE04EC0-301F-11D3-BF4B-00C04F79EFBC}") = "linkus_tv", "linkus_tv\linkus_tv.csproj", "{C89C2635-ED8D-4302-98D5-DC1D3F9A98F1}"
EndProject
Global
	GlobalSection(SolutionConfigurationPlatforms) = preSolution
		Debug|Any CPU = Debug|Any CPU
		Release|Any CPU = Release|Any CPU
	EndGlobalSection
	GlobalSection(ProjectConfigurationPlatforms) = postSolution
		{C89C2635-ED8D-4302-98D5-DC1D3F9A98F1}.Debug|Any CPU.ActiveCfg = Debug|Any CPU
		{C89C2635-ED8D-4302-98D5-DC1D3F9A98F1}.Debug|Any CPU.Build.0 = Debug|Any CPU
		{C89C2635-ED8D-4302-98D5-DC1D3F9A98F1}.Release|Any CPU.ActiveCfg = Release|Any CPU
		{C89C2635-ED8D-4302-98D5-DC1D3F9A98F1}.Release|Any CPU.Build.0 = Release|Any CPU
	EndGlobalSection
	GlobalSection(SolutionProperties) = preSolution
		HideSolutionNode = FALSE
	EndGlobalSection
	GlobalSection(ExtensibilityGlobals) = postSolution
		SolutionGuid = {DC51E59F-F744-42EB-A0F0-A4292A3B1FA0}
	EndGlobalSection
EndGlobal
